
Microsoft Visual Studio Solution File, Format Version 12.00
# Visual Studio Version 17
VisualStudioVersion = 17.0.32014.148
MinimumVisualStudioVersion = 10.0.40219.1
Project("{2150E333-8FDC-42A3-9474-1A3956D46DE8}") = "server", "server", "{64523769-A1C7-4C7E-9BC4-82960979B7DC}"
EndProject
Project("{2150E333-8FDC-42A3-9474-1A3956D46DE8}") = "src", "src", "{C78ED904-DACA-4E5F-8876-5CB90FECB792}"
EndProject
Project("{2150E333-8FDC-42A3-9474-1A3956D46DE8}") = "solutionItems", "solutionItems", "{ED67D4F1-D8F0-4879-B21D-3F6EB60905E5}"
	ProjectSection(SolutionItems) = preProject
		Directory.Packages.props = Directory.Packages.props
		ScheduledMeets.props = ScheduledMeets.props
		ScheduledMeets.Tests.props = ScheduledMeets.Tests.props
	EndProjectSection
EndProject
Project("{9A19103F-16F7-4668-BE54-9A1E7A4F7556}") = "ScheduledMeets", "server\src\ScheduledMeets\ScheduledMeets.csproj", "{8A5BD192-2568-4833-BDC0-F186B6CD4D19}"
EndProject
Project("{9A19103F-16F7-4668-BE54-9A1E7A4F7556}") = "ScheduledMeets.Internals", "server\src\ScheduledMeets.Internals\ScheduledMeets.Internals.csproj", "{A2DEA89C-2C99-4A2E-87FC-1A5F99C8421E}"
EndProject
Project("{9A19103F-16F7-4668-BE54-9A1E7A4F7556}") = "ScheduledMeets.Internals.Tests", "server\src\ScheduledMeets.Internals.Tests\ScheduledMeets.Internals.Tests.csproj", "{D22EB945-0E63-47CB-A3E7-B7789693F821}"
EndProject
Project("{9A19103F-16F7-4668-BE54-9A1E7A4F7556}") = "ScheduledMeets.Business", "server\src\ScheduledMeets.Businness\ScheduledMeets.Business.csproj", "{54F41B95-8619-4186-9CC6-9E856CB77AF8}"
EndProject
Project("{9A19103F-16F7-4668-BE54-9A1E7A4F7556}") = "ScheduledMeets.Persistance", "server\src\ScheduledMeets.Persistance\ScheduledMeets.Persistance.csproj", "{75B60713-2347-4989-804D-AB3E29A79A3B}"
EndProject
Project("{9A19103F-16F7-4668-BE54-9A1E7A4F7556}") = "ScheduledMeets.GraphQL", "server\src\ScheduledMeets.GraphQL\ScheduledMeets.GraphQL.csproj", "{202875C6-6CD5-4675-9BD6-712103370FE2}"
EndProject
Project("{9A19103F-16F7-4668-BE54-9A1E7A4F7556}") = "ScheduledMeets.Database", "server\src\ScheduledMeets.Database\ScheduledMeets.Database.csproj", "{5FCD5795-DF39-4A1C-B427-A4FC2B84C9DE}"
EndProject
Project("{9A19103F-16F7-4668-BE54-9A1E7A4F7556}") = "ScheduledMeets.Business.Tests", "server\src\ScheduledMeets.Business.Tests\ScheduledMeets.Business.Tests.csproj", "{2D3C7C13-AD18-414F-9C6C-187FE5897342}"
EndProject
Project("{9A19103F-16F7-4668-BE54-9A1E7A4F7556}") = "ScheduledMeets.Connectivity", "server\src\ScheduledMeets.Connectivity\ScheduledMeets.Connectivity.csproj", "{5A0B3EF4-5D9D-4CD0-BFC2-513EAC447F23}"
EndProject
Project("{9A19103F-16F7-4668-BE54-9A1E7A4F7556}") = "ScheduledMeets.TestTools", "server\src\ScheduledMeets.TestsTool\ScheduledMeets.TestTools.csproj", "{C1D9E371-7F62-4716-B7E0-C482F9CF6F0E}"
EndProject
Project("{9A19103F-16F7-4668-BE54-9A1E7A4F7556}") = "ScheduledMeets.Infrastructure", "server\src\ScheduleMeets.Infrastructure\ScheduledMeets.Infrastructure.csproj", "{3FE338D9-DB7A-4095-A667-1A9CD0F4D682}"
EndProject
Project("{9A19103F-16F7-4668-BE54-9A1E7A4F7556}") = "ScheduledMeets.Core.Tests", "server\src\ScheduledMeets.Core.Tests\ScheduledMeets.Core.Tests.csproj", "{5577261D-B3C3-4791-A8A4-A376EBFEA7CA}"
EndProject
Project("{9A19103F-16F7-4668-BE54-9A1E7A4F7556}") = "ScheduledMeets.Core", "server\src\ScheduledMeets.Core\ScheduledMeets.Core.csproj", "{634B1949-B49B-4327-8B7D-AD985037E4A0}"
EndProject
Project("{FAE04EC0-301F-11D3-BF4B-00C04F79EFBC}") = "ScheduledMeets.View", "server\src\ScheduledMeets.View\ScheduledMeets.View.csproj", "{33B6C5F9-64DA-4631-8455-E440D7626366}"
EndProject
Global
	GlobalSection(SolutionConfigurationPlatforms) = preSolution
		Debug|Any CPU = Debug|Any CPU
		Debug|x64 = Debug|x64
		Debug|x86 = Debug|x86
		Release|Any CPU = Release|Any CPU
		Release|x64 = Release|x64
		Release|x86 = Release|x86
	EndGlobalSection
	GlobalSection(ProjectConfigurationPlatforms) = postSolution
		{8A5BD192-2568-4833-BDC0-F186B6CD4D19}.Debug|Any CPU.ActiveCfg = Debug|Any CPU
		{8A5BD192-2568-4833-BDC0-F186B6CD4D19}.Debug|Any CPU.Build.0 = Debug|Any CPU
		{8A5BD192-2568-4833-BDC0-F186B6CD4D19}.Debug|x64.ActiveCfg = Debug|Any CPU
		{8A5BD192-2568-4833-BDC0-F186B6CD4D19}.Debug|x64.Build.0 = Debug|Any CPU
		{8A5BD192-2568-4833-BDC0-F186B6CD4D19}.Debug|x86.ActiveCfg = Debug|Any CPU
		{8A5BD192-2568-4833-BDC0-F186B6CD4D19}.Debug|x86.Build.0 = Debug|Any CPU
		{8A5BD192-2568-4833-BDC0-F186B6CD4D19}.Release|Any CPU.ActiveCfg = Release|Any CPU
		{8A5BD192-2568-4833-BDC0-F186B6CD4D19}.Release|Any CPU.Build.0 = Release|Any CPU
		{8A5BD192-2568-4833-BDC0-F186B6CD4D19}.Release|x64.ActiveCfg = Release|Any CPU
		{8A5BD192-2568-4833-BDC0-F186B6CD4D19}.Release|x64.Build.0 = Release|Any CPU
		{8A5BD192-2568-4833-BDC0-F186B6CD4D19}.Release|x86.ActiveCfg = Release|Any CPU
		{8A5BD192-2568-4833-BDC0-F186B6CD4D19}.Release|x86.Build.0 = Release|Any CPU
		{A2DEA89C-2C99-4A2E-87FC-1A5F99C8421E}.Debug|Any CPU.ActiveCfg = Debug|Any CPU
		{A2DEA89C-2C99-4A2E-87FC-1A5F99C8421E}.Debug|Any CPU.Build.0 = Debug|Any CPU
		{A2DEA89C-2C99-4A2E-87FC-1A5F99C8421E}.Debug|x64.ActiveCfg = Debug|Any CPU
		{A2DEA89C-2C99-4A2E-87FC-1A5F99C8421E}.Debug|x64.Build.0 = Debug|Any CPU
		{A2DEA89C-2C99-4A2E-87FC-1A5F99C8421E}.Debug|x86.ActiveCfg = Debug|Any CPU
		{A2DEA89C-2C99-4A2E-87FC-1A5F99C8421E}.Debug|x86.Build.0 = Debug|Any CPU
		{A2DEA89C-2C99-4A2E-87FC-1A5F99C8421E}.Release|Any CPU.ActiveCfg = Release|Any CPU
		{A2DEA89C-2C99-4A2E-87FC-1A5F99C8421E}.Release|Any CPU.Build.0 = Release|Any CPU
		{A2DEA89C-2C99-4A2E-87FC-1A5F99C8421E}.Release|x64.ActiveCfg = Release|Any CPU
		{A2DEA89C-2C99-4A2E-87FC-1A5F99C8421E}.Release|x64.Build.0 = Release|Any CPU
		{A2DEA89C-2C99-4A2E-87FC-1A5F99C8421E}.Release|x86.ActiveCfg = Release|Any CPU
		{A2DEA89C-2C99-4A2E-87FC-1A5F99C8421E}.Release|x86.Build.0 = Release|Any CPU
		{D22EB945-0E63-47CB-A3E7-B7789693F821}.Debug|Any CPU.ActiveCfg = Debug|Any CPU
		{D22EB945-0E63-47CB-A3E7-B7789693F821}.Debug|Any CPU.Build.0 = Debug|Any CPU
		{D22EB945-0E63-47CB-A3E7-B7789693F821}.Debug|x64.ActiveCfg = Debug|Any CPU
		{D22EB945-0E63-47CB-A3E7-B7789693F821}.Debug|x64.Build.0 = Debug|Any CPU
		{D22EB945-0E63-47CB-A3E7-B7789693F821}.Debug|x86.ActiveCfg = Debug|Any CPU
		{D22EB945-0E63-47CB-A3E7-B7789693F821}.Debug|x86.Build.0 = Debug|Any CPU
		{D22EB945-0E63-47CB-A3E7-B7789693F821}.Release|Any CPU.ActiveCfg = Release|Any CPU
		{D22EB945-0E63-47CB-A3E7-B7789693F821}.Release|Any CPU.Build.0 = Release|Any CPU
		{D22EB945-0E63-47CB-A3E7-B7789693F821}.Release|x64.ActiveCfg = Release|Any CPU
		{D22EB945-0E63-47CB-A3E7-B7789693F821}.Release|x64.Build.0 = Release|Any CPU
		{D22EB945-0E63-47CB-A3E7-B7789693F821}.Release|x86.ActiveCfg = Release|Any CPU
		{D22EB945-0E63-47CB-A3E7-B7789693F821}.Release|x86.Build.0 = Release|Any CPU
		{54F41B95-8619-4186-9CC6-9E856CB77AF8}.Debug|Any CPU.ActiveCfg = Debug|Any CPU
		{54F41B95-8619-4186-9CC6-9E856CB77AF8}.Debug|Any CPU.Build.0 = Debug|Any CPU
		{54F41B95-8619-4186-9CC6-9E856CB77AF8}.Debug|x64.ActiveCfg = Debug|Any CPU
		{54F41B95-8619-4186-9CC6-9E856CB77AF8}.Debug|x64.Build.0 = Debug|Any CPU
		{54F41B95-8619-4186-9CC6-9E856CB77AF8}.Debug|x86.ActiveCfg = Debug|Any CPU
		{54F41B95-8619-4186-9CC6-9E856CB77AF8}.Debug|x86.Build.0 = Debug|Any CPU
		{54F41B95-8619-4186-9CC6-9E856CB77AF8}.Release|Any CPU.ActiveCfg = Release|Any CPU
		{54F41B95-8619-4186-9CC6-9E856CB77AF8}.Release|Any CPU.Build.0 = Release|Any CPU
		{54F41B95-8619-4186-9CC6-9E856CB77AF8}.Release|x64.ActiveCfg = Release|Any CPU
		{54F41B95-8619-4186-9CC6-9E856CB77AF8}.Release|x64.Build.0 = Release|Any CPU
		{54F41B95-8619-4186-9CC6-9E856CB77AF8}.Release|x86.ActiveCfg = Release|Any CPU
		{54F41B95-8619-4186-9CC6-9E856CB77AF8}.Release|x86.Build.0 = Release|Any CPU
		{75B60713-2347-4989-804D-AB3E29A79A3B}.Debug|Any CPU.ActiveCfg = Debug|Any CPU
		{75B60713-2347-4989-804D-AB3E29A79A3B}.Debug|Any CPU.Build.0 = Debug|Any CPU
		{75B60713-2347-4989-804D-AB3E29A79A3B}.Debug|x64.ActiveCfg = Debug|Any CPU
		{75B60713-2347-4989-804D-AB3E29A79A3B}.Debug|x64.Build.0 = Debug|Any CPU
		{75B60713-2347-4989-804D-AB3E29A79A3B}.Debug|x86.ActiveCfg = Debug|Any CPU
		{75B60713-2347-4989-804D-AB3E29A79A3B}.Debug|x86.Build.0 = Debug|Any CPU
		{75B60713-2347-4989-804D-AB3E29A79A3B}.Release|Any CPU.ActiveCfg = Release|Any CPU
		{75B60713-2347-4989-804D-AB3E29A79A3B}.Release|Any CPU.Build.0 = Release|Any CPU
		{75B60713-2347-4989-804D-AB3E29A79A3B}.Release|x64.ActiveCfg = Release|Any CPU
		{75B60713-2347-4989-804D-AB3E29A79A3B}.Release|x64.Build.0 = Release|Any CPU
		{75B60713-2347-4989-804D-AB3E29A79A3B}.Release|x86.ActiveCfg = Release|Any CPU
		{75B60713-2347-4989-804D-AB3E29A79A3B}.Release|x86.Build.0 = Release|Any CPU
		{202875C6-6CD5-4675-9BD6-712103370FE2}.Debug|Any CPU.ActiveCfg = Debug|Any CPU
		{202875C6-6CD5-4675-9BD6-712103370FE2}.Debug|Any CPU.Build.0 = Debug|Any CPU
		{202875C6-6CD5-4675-9BD6-712103370FE2}.Debug|x64.ActiveCfg = Debug|Any CPU
		{202875C6-6CD5-4675-9BD6-712103370FE2}.Debug|x64.Build.0 = Debug|Any CPU
		{202875C6-6CD5-4675-9BD6-712103370FE2}.Debug|x86.ActiveCfg = Debug|Any CPU
		{202875C6-6CD5-4675-9BD6-712103370FE2}.Debug|x86.Build.0 = Debug|Any CPU
		{202875C6-6CD5-4675-9BD6-712103370FE2}.Release|Any CPU.ActiveCfg = Release|Any CPU
		{202875C6-6CD5-4675-9BD6-712103370FE2}.Release|Any CPU.Build.0 = Release|Any CPU
		{202875C6-6CD5-4675-9BD6-712103370FE2}.Release|x64.ActiveCfg = Release|Any CPU
		{202875C6-6CD5-4675-9BD6-712103370FE2}.Release|x64.Build.0 = Release|Any CPU
		{202875C6-6CD5-4675-9BD6-712103370FE2}.Release|x86.ActiveCfg = Release|Any CPU
		{202875C6-6CD5-4675-9BD6-712103370FE2}.Release|x86.Build.0 = Release|Any CPU
		{5FCD5795-DF39-4A1C-B427-A4FC2B84C9DE}.Debug|Any CPU.ActiveCfg = Debug|Any CPU
		{5FCD5795-DF39-4A1C-B427-A4FC2B84C9DE}.Debug|Any CPU.Build.0 = Debug|Any CPU
		{5FCD5795-DF39-4A1C-B427-A4FC2B84C9DE}.Debug|x64.ActiveCfg = Debug|Any CPU
		{5FCD5795-DF39-4A1C-B427-A4FC2B84C9DE}.Debug|x64.Build.0 = Debug|Any CPU
		{5FCD5795-DF39-4A1C-B427-A4FC2B84C9DE}.Debug|x86.ActiveCfg = Debug|Any CPU
		{5FCD5795-DF39-4A1C-B427-A4FC2B84C9DE}.Debug|x86.Build.0 = Debug|Any CPU
		{5FCD5795-DF39-4A1C-B427-A4FC2B84C9DE}.Release|Any CPU.ActiveCfg = Release|Any CPU
		{5FCD5795-DF39-4A1C-B427-A4FC2B84C9DE}.Release|Any CPU.Build.0 = Release|Any CPU
		{5FCD5795-DF39-4A1C-B427-A4FC2B84C9DE}.Release|x64.ActiveCfg = Release|Any CPU
		{5FCD5795-DF39-4A1C-B427-A4FC2B84C9DE}.Release|x64.Build.0 = Release|Any CPU
		{5FCD5795-DF39-4A1C-B427-A4FC2B84C9DE}.Release|x86.ActiveCfg = Release|Any CPU
		{5FCD5795-DF39-4A1C-B427-A4FC2B84C9DE}.Release|x86.Build.0 = Release|Any CPU
		{2D3C7C13-AD18-414F-9C6C-187FE5897342}.Debug|Any CPU.ActiveCfg = Debug|Any CPU
		{2D3C7C13-AD18-414F-9C6C-187FE5897342}.Debug|Any CPU.Build.0 = Debug|Any CPU
		{2D3C7C13-AD18-414F-9C6C-187FE5897342}.Debug|x64.ActiveCfg = Debug|Any CPU
		{2D3C7C13-AD18-414F-9C6C-187FE5897342}.Debug|x64.Build.0 = Debug|Any CPU
		{2D3C7C13-AD18-414F-9C6C-187FE5897342}.Debug|x86.ActiveCfg = Debug|Any CPU
		{2D3C7C13-AD18-414F-9C6C-187FE5897342}.Debug|x86.Build.0 = Debug|Any CPU
		{2D3C7C13-AD18-414F-9C6C-187FE5897342}.Release|Any CPU.ActiveCfg = Release|Any CPU
		{2D3C7C13-AD18-414F-9C6C-187FE5897342}.Release|Any CPU.Build.0 = Release|Any CPU
		{2D3C7C13-AD18-414F-9C6C-187FE5897342}.Release|x64.ActiveCfg = Release|Any CPU
		{2D3C7C13-AD18-414F-9C6C-187FE5897342}.Release|x64.Build.0 = Release|Any CPU
		{2D3C7C13-AD18-414F-9C6C-187FE5897342}.Release|x86.ActiveCfg = Release|Any CPU
		{2D3C7C13-AD18-414F-9C6C-187FE5897342}.Release|x86.Build.0 = Release|Any CPU
		{5A0B3EF4-5D9D-4CD0-BFC2-513EAC447F23}.Debug|Any CPU.ActiveCfg = Debug|Any CPU
		{5A0B3EF4-5D9D-4CD0-BFC2-513EAC447F23}.Debug|Any CPU.Build.0 = Debug|Any CPU
		{5A0B3EF4-5D9D-4CD0-BFC2-513EAC447F23}.Debug|x64.ActiveCfg = Debug|Any CPU
		{5A0B3EF4-5D9D-4CD0-BFC2-513EAC447F23}.Debug|x64.Build.0 = Debug|Any CPU
		{5A0B3EF4-5D9D-4CD0-BFC2-513EAC447F23}.Debug|x86.ActiveCfg = Debug|Any CPU
		{5A0B3EF4-5D9D-4CD0-BFC2-513EAC447F23}.Debug|x86.Build.0 = Debug|Any CPU
		{5A0B3EF4-5D9D-4CD0-BFC2-513EAC447F23}.Release|Any CPU.ActiveCfg = Release|Any CPU
		{5A0B3EF4-5D9D-4CD0-BFC2-513EAC447F23}.Release|Any CPU.Build.0 = Release|Any CPU
		{5A0B3EF4-5D9D-4CD0-BFC2-513EAC447F23}.Release|x64.ActiveCfg = Release|Any CPU
		{5A0B3EF4-5D9D-4CD0-BFC2-513EAC447F23}.Release|x64.Build.0 = Release|Any CPU
		{5A0B3EF4-5D9D-4CD0-BFC2-513EAC447F23}.Release|x86.ActiveCfg = Release|Any CPU
		{5A0B3EF4-5D9D-4CD0-BFC2-513EAC447F23}.Release|x86.Build.0 = Release|Any CPU
		{C1D9E371-7F62-4716-B7E0-C482F9CF6F0E}.Debug|Any CPU.ActiveCfg = Debug|Any CPU
		{C1D9E371-7F62-4716-B7E0-C482F9CF6F0E}.Debug|Any CPU.Build.0 = Debug|Any CPU
		{C1D9E371-7F62-4716-B7E0-C482F9CF6F0E}.Debug|x64.ActiveCfg = Debug|Any CPU
		{C1D9E371-7F62-4716-B7E0-C482F9CF6F0E}.Debug|x64.Build.0 = Debug|Any CPU
		{C1D9E371-7F62-4716-B7E0-C482F9CF6F0E}.Debug|x86.ActiveCfg = Debug|Any CPU
		{C1D9E371-7F62-4716-B7E0-C482F9CF6F0E}.Debug|x86.Build.0 = Debug|Any CPU
		{C1D9E371-7F62-4716-B7E0-C482F9CF6F0E}.Release|Any CPU.ActiveCfg = Release|Any CPU
		{C1D9E371-7F62-4716-B7E0-C482F9CF6F0E}.Release|Any CPU.Build.0 = Release|Any CPU
		{C1D9E371-7F62-4716-B7E0-C482F9CF6F0E}.Release|x64.ActiveCfg = Release|Any CPU
		{C1D9E371-7F62-4716-B7E0-C482F9CF6F0E}.Release|x64.Build.0 = Release|Any CPU
		{C1D9E371-7F62-4716-B7E0-C482F9CF6F0E}.Release|x86.ActiveCfg = Release|Any CPU
		{C1D9E371-7F62-4716-B7E0-C482F9CF6F0E}.Release|x86.Build.0 = Release|Any CPU
		{3FE338D9-DB7A-4095-A667-1A9CD0F4D682}.Debug|Any CPU.ActiveCfg = Debug|Any CPU
		{3FE338D9-DB7A-4095-A667-1A9CD0F4D682}.Debug|Any CPU.Build.0 = Debug|Any CPU
		{3FE338D9-DB7A-4095-A667-1A9CD0F4D682}.Debug|x64.ActiveCfg = Debug|Any CPU
		{3FE338D9-DB7A-4095-A667-1A9CD0F4D682}.Debug|x64.Build.0 = Debug|Any CPU
		{3FE338D9-DB7A-4095-A667-1A9CD0F4D682}.Debug|x86.ActiveCfg = Debug|Any CPU
		{3FE338D9-DB7A-4095-A667-1A9CD0F4D682}.Debug|x86.Build.0 = Debug|Any CPU
		{3FE338D9-DB7A-4095-A667-1A9CD0F4D682}.Release|Any CPU.ActiveCfg = Release|Any CPU
		{3FE338D9-DB7A-4095-A667-1A9CD0F4D682}.Release|Any CPU.Build.0 = Release|Any CPU
		{3FE338D9-DB7A-4095-A667-1A9CD0F4D682}.Release|x64.ActiveCfg = Release|Any CPU
		{3FE338D9-DB7A-4095-A667-1A9CD0F4D682}.Release|x64.Build.0 = Release|Any CPU
		{3FE338D9-DB7A-4095-A667-1A9CD0F4D682}.Release|x86.ActiveCfg = Release|Any CPU
		{3FE338D9-DB7A-4095-A667-1A9CD0F4D682}.Release|x86.Build.0 = Release|Any CPU
		{5577261D-B3C3-4791-A8A4-A376EBFEA7CA}.Debug|Any CPU.ActiveCfg = Debug|Any CPU
		{5577261D-B3C3-4791-A8A4-A376EBFEA7CA}.Debug|Any CPU.Build.0 = Debug|Any CPU
		{5577261D-B3C3-4791-A8A4-A376EBFEA7CA}.Debug|x64.ActiveCfg = Debug|Any CPU
		{5577261D-B3C3-4791-A8A4-A376EBFEA7CA}.Debug|x64.Build.0 = Debug|Any CPU
		{5577261D-B3C3-4791-A8A4-A376EBFEA7CA}.Debug|x86.ActiveCfg = Debug|Any CPU
		{5577261D-B3C3-4791-A8A4-A376EBFEA7CA}.Debug|x86.Build.0 = Debug|Any CPU
		{5577261D-B3C3-4791-A8A4-A376EBFEA7CA}.Release|Any CPU.ActiveCfg = Release|Any CPU
		{5577261D-B3C3-4791-A8A4-A376EBFEA7CA}.Release|Any CPU.Build.0 = Release|Any CPU
		{5577261D-B3C3-4791-A8A4-A376EBFEA7CA}.Release|x64.ActiveCfg = Release|Any CPU
		{5577261D-B3C3-4791-A8A4-A376EBFEA7CA}.Release|x64.Build.0 = Release|Any CPU
		{5577261D-B3C3-4791-A8A4-A376EBFEA7CA}.Release|x86.ActiveCfg = Release|Any CPU
		{5577261D-B3C3-4791-A8A4-A376EBFEA7CA}.Release|x86.Build.0 = Release|Any CPU
		{634B1949-B49B-4327-8B7D-AD985037E4A0}.Debug|Any CPU.ActiveCfg = Debug|Any CPU
		{634B1949-B49B-4327-8B7D-AD985037E4A0}.Debug|Any CPU.Build.0 = Debug|Any CPU
		{634B1949-B49B-4327-8B7D-AD985037E4A0}.Debug|x64.ActiveCfg = Debug|Any CPU
		{634B1949-B49B-4327-8B7D-AD985037E4A0}.Debug|x64.Build.0 = Debug|Any CPU
		{634B1949-B49B-4327-8B7D-AD985037E4A0}.Debug|x86.ActiveCfg = Debug|Any CPU
		{634B1949-B49B-4327-8B7D-AD985037E4A0}.Debug|x86.Build.0 = Debug|Any CPU
		{634B1949-B49B-4327-8B7D-AD985037E4A0}.Release|Any CPU.ActiveCfg = Release|Any CPU
		{634B1949-B49B-4327-8B7D-AD985037E4A0}.Release|Any CPU.Build.0 = Release|Any CPU
		{634B1949-B49B-4327-8B7D-AD985037E4A0}.Release|x64.ActiveCfg = Release|Any CPU
		{634B1949-B49B-4327-8B7D-AD985037E4A0}.Release|x64.Build.0 = Release|Any CPU
		{634B1949-B49B-4327-8B7D-AD985037E4A0}.Release|x86.ActiveCfg = Release|Any CPU
		{634B1949-B49B-4327-8B7D-AD985037E4A0}.Release|x86.Build.0 = Release|Any CPU
		{33B6C5F9-64DA-4631-8455-E440D7626366}.Debug|Any CPU.ActiveCfg = Debug|Any CPU
		{33B6C5F9-64DA-4631-8455-E440D7626366}.Debug|Any CPU.Build.0 = Debug|Any CPU
		{33B6C5F9-64DA-4631-8455-E440D7626366}.Debug|x64.ActiveCfg = Debug|Any CPU
		{33B6C5F9-64DA-4631-8455-E440D7626366}.Debug|x64.Build.0 = Debug|Any CPU
		{33B6C5F9-64DA-4631-8455-E440D7626366}.Debug|x86.ActiveCfg = Debug|Any CPU
		{33B6C5F9-64DA-4631-8455-E440D7626366}.Debug|x86.Build.0 = Debug|Any CPU
		{33B6C5F9-64DA-4631-8455-E440D7626366}.Release|Any CPU.ActiveCfg = Release|Any CPU
		{33B6C5F9-64DA-4631-8455-E440D7626366}.Release|Any CPU.Build.0 = Release|Any CPU
		{33B6C5F9-64DA-4631-8455-E440D7626366}.Release|x64.ActiveCfg = Release|Any CPU
		{33B6C5F9-64DA-4631-8455-E440D7626366}.Release|x64.Build.0 = Release|Any CPU
		{33B6C5F9-64DA-4631-8455-E440D7626366}.Release|x86.ActiveCfg = Release|Any CPU
		{33B6C5F9-64DA-4631-8455-E440D7626366}.Release|x86.Build.0 = Release|Any CPU
	EndGlobalSection
	GlobalSection(SolutionProperties) = preSolution
		HideSolutionNode = FALSE
	EndGlobalSection
	GlobalSection(NestedProjects) = preSolution
		{C78ED904-DACA-4E5F-8876-5CB90FECB792} = {64523769-A1C7-4C7E-9BC4-82960979B7DC}
		{8A5BD192-2568-4833-BDC0-F186B6CD4D19} = {C78ED904-DACA-4E5F-8876-5CB90FECB792}
		{A2DEA89C-2C99-4A2E-87FC-1A5F99C8421E} = {C78ED904-DACA-4E5F-8876-5CB90FECB792}
		{D22EB945-0E63-47CB-A3E7-B7789693F821} = {C78ED904-DACA-4E5F-8876-5CB90FECB792}
		{54F41B95-8619-4186-9CC6-9E856CB77AF8} = {C78ED904-DACA-4E5F-8876-5CB90FECB792}
		{75B60713-2347-4989-804D-AB3E29A79A3B} = {C78ED904-DACA-4E5F-8876-5CB90FECB792}
		{202875C6-6CD5-4675-9BD6-712103370FE2} = {C78ED904-DACA-4E5F-8876-5CB90FECB792}
		{5FCD5795-DF39-4A1C-B427-A4FC2B84C9DE} = {C78ED904-DACA-4E5F-8876-5CB90FECB792}
		{2D3C7C13-AD18-414F-9C6C-187FE5897342} = {C78ED904-DACA-4E5F-8876-5CB90FECB792}
		{5A0B3EF4-5D9D-4CD0-BFC2-513EAC447F23} = {C78ED904-DACA-4E5F-8876-5CB90FECB792}
		{C1D9E371-7F62-4716-B7E0-C482F9CF6F0E} = {C78ED904-DACA-4E5F-8876-5CB90FECB792}
		{3FE338D9-DB7A-4095-A667-1A9CD0F4D682} = {C78ED904-DACA-4E5F-8876-5CB90FECB792}
		{5577261D-B3C3-4791-A8A4-A376EBFEA7CA} = {C78ED904-DACA-4E5F-8876-5CB90FECB792}
		{634B1949-B49B-4327-8B7D-AD985037E4A0} = {C78ED904-DACA-4E5F-8876-5CB90FECB792}
		{33B6C5F9-64DA-4631-8455-E440D7626366} = {C78ED904-DACA-4E5F-8876-5CB90FECB792}
	EndGlobalSection
	GlobalSection(ExtensibilityGlobals) = postSolution
		SolutionGuid = {09F32C5B-6E6A-4778-89B5-CEE8ED57A769}
	EndGlobalSection
EndGlobal
